
Microsoft Visual Studio Solution File, Format Version 12.00
# Visual Studio 2013
VisualStudioVersion = 12.0.40629.0
MinimumVisualStudioVersion = 10.0.40219.1
Project("{FAE04EC0-301F-11D3-BF4B-00C04F79EFBC}") = "COMP123_S2016_Assignment3", "COMP123_S2016_Assignment3\COMP123_S2016_Assignment3.csproj", "{5813CAE5-5199-4CDF-9D5D-C9C3ED1EDD25}"
EndProject
Global
	GlobalSection(SolutionConfigurationPlatforms) = preSolution
		Debug|Any CPU = Debug|Any CPU
		Release|Any CPU = Release|Any CPU
	EndGlobalSection
	GlobalSection(ProjectConfigurationPlatforms) = postSolution
		{5813CAE5-5199-4CDF-9D5D-C9C3ED1EDD25}.Debug|Any CPU.ActiveCfg = Debug|Any CPU
		{5813CAE5-5199-4CDF-9D5D-C9C3ED1EDD25}.Debug|Any CPU.Build.0 = Debug|Any CPU
		{5813CAE5-5199-4CDF-9D5D-C9C3ED1EDD25}.Release|Any CPU.ActiveCfg = Release|Any CPU
		{5813CAE5-5199-4CDF-9D5D-C9C3ED1EDD25}.Release|Any CPU.Build.0 = Release|Any CPU
	EndGlobalSection
	GlobalSection(SolutionProperties) = preSolution
		HideSolutionNode = FALSE
	EndGlobalSection
EndGlobal
